# THIS IS AN AUTOGENERATED FILE. DO NOT EDIT THIS FILE DIRECTLY.
# yarn lockfile v1


"@types/node@^22.13.10":
  version "22.13.10"
  resolved "https://registry.npmmirror.com/@types/node/-/node-22.13.10.tgz#df9ea358c5ed991266becc3109dc2dc9125d77e4"
  integrity sha512-I6LPUvlRH+O6VRUqYOcMudhaIdUVWfsjnZavnsraHvpBwaEyMN29ry+0UVJhImYL16xsscu0aske3yA+uPOWfw==
  dependencies:
    undici-types "~6.20.0"

"@yumerijs/core@^1.0.0":
  version "1.0.1"
  resolved "https://registry.npmjs.org/@yumerijs/core/-/core-1.0.1.tgz#ffb2644981ffada592c105fe6c0a5f65c5f911e0"
  integrity sha512-xnaR31liQooEp8NgV9xZuFeCBVJH6iDygRXwrC8p16xhl+XJRC6UT+BPEOn8N2DII+Pbxm6XzTzpT3fkGNuLAA==
  dependencies:
    js-sha256 "^0.11.0"
    js-yaml "^4.1.0"

"@yumerijs/loader@^1.0.0":
  version "1.0.0"
  resolved "https://registry.npmjs.org/@yumerijs/loader/-/loader-1.0.0.tgz#fb6740d65d699b95bf0a7fd22dce95dfe51e72b4"
  integrity sha512-YEzGDFOaruupvy1KbN1gn0NadtGK6Qzqrw02TWzjXHHUxi1ZFOrAquo0NtqtpdCRaokDV3dzMu8JfxOiv5BIqg==
  dependencies:
    semver "^7.7.1"

argparse@^2.0.1:
  version "2.0.1"
  resolved "https://registry.npmjs.org/argparse/-/argparse-2.0.1.tgz#246f50f3ca78a3240f6c997e8a9bd1eac49e4b38"
  integrity sha512-8+9WqebbFzpX9OR+Wa6O29asIogeRMzcGtAINdpMHHyAg10f05aSFVBbcEqGf/PXw1EjAZ+q2/bEBg3DvurK3Q==

js-sha256@^0.11.0:
  version "0.11.0"
  resolved "https://registry.npmjs.org/js-sha256/-/js-sha256-0.11.0.tgz#256a921d9292f7fe98905face82e367abaca9576"
  integrity sha512-6xNlKayMZvds9h1Y1VWc0fQHQ82BxTXizWPEtEeGvmOUYpBRy4gbWroHLpzowe6xiQhHpelCQiE7HEdznyBL9Q==

js-yaml@^4.1.0:
  version "4.1.0"
  resolved "https://registry.npmjs.org/js-yaml/-/js-yaml-4.1.0.tgz#c1fb65f8f5017901cdd2c951864ba18458a10602"
  integrity sha512-wpxZs9NoxZaJESJGIZTyDEaYpl0FKSA+FB9aJiyemKhMwkxQg63h4T1KJgUGHpTqPDNRcmmYLugrRjJlBtWvRA==
  dependencies:
    argparse "^2.0.1"

semver@^7.7.1:
  version "7.7.1"
  resolved "https://registry.npmjs.org/semver/-/semver-7.7.1.tgz#abd5098d82b18c6c81f6074ff2647fd3e7220c9f"
  integrity sha512-hlq8tAfn0m/61p4BVRcPzIGr6LKiMwo4VM6dGi6pt4qcRkmNzTcWq6eCEjEh+qXjkMDvPlOFFSGwQjoEa6gyMA==

typescript@^5.8.2:
  version "5.8.2"
  resolved "https://registry.npmmirror.com/typescript/-/typescript-5.8.2.tgz#8170b3702f74b79db2e5a96207c15e65807999e4"
  integrity sha512-aJn6wq13/afZp/jT9QZmwEjDqqvSGp1VT5GVg+f/t6/oVyrgXM6BY1h9BRh/O5p3PlUPAe+WuiEZOmb/49RqoQ==

undici-types@~6.20.0:
  version "6.20.0"
  resolved "https://registry.npmmirror.com/undici-types/-/undici-types-6.20.0.tgz#8171bf22c1f588d1554d55bf204bc624af388433"
  integrity sha512-Ny6QZ2Nju20vw1SRHe3d9jVu6gJ+4e3+MMpqu7pqE5HT6WsTSlce++GQmK5UXS8mzV8DSYHrQH+Xrf2jVcuKNg==

yumeri@^1.0.0:
  version "1.0.2"
  resolved "https://registry.npmjs.org/yumeri/-/yumeri-1.0.2.tgz#0db3536beb55379dc33bfd8ca18b97bf02384790"
  integrity sha512-ZJUCAi4b+UqBcZvWPEChH+fi9rap3k8CFF6ZGNtCLqD+sl7ByPSvHvi4TBCf+HinYN93dmtws3pXmw4Sxzjo1w==
  dependencies:
    "@yumerijs/core" "^1.0.0"
    "@yumerijs/loader" "^1.0.0"
